
Microsoft Visual Studio Solution File, Format Version 11.00
# Visual Studio 2010
Project("{FAE04EC0-301F-11D3-BF4B-00C04F79EFBC}") = "Oculus.Platform", "Oculus.Platform.csproj", "{c75f784c-40af-f208-0cdb-d0063aadc295}"
EndProject
Project("{FAE04EC0-301F-11D3-BF4B-00C04F79EFBC}") = "Assembly-CSharp", "Assembly-CSharp.csproj", "{b34e98e2-04f6-99a6-3365-f0cc1ea804ff}"
EndProject
Project("{FAE04EC0-301F-11D3-BF4B-00C04F79EFBC}") = "Oculus.Interaction", "Oculus.Interaction.csproj", "{35703c2a-694e-4738-a624-eaf83df1de21}"
EndProject
Project("{FAE04EC0-301F-11D3-BF4B-00C04F79EFBC}") = "Oculus.Spatializer", "Oculus.Spatializer.csproj", "{90057134-cf14-7918-3b5f-057d942f90f5}"
EndProject
Project("{FAE04EC0-301F-11D3-BF4B-00C04F79EFBC}") = "Facebook.WitAI", "Facebook.WitAI.csproj", "{f1c961c5-82cb-9982-dcbc-b2c3fdaa1af2}"
EndProject
Project("{FAE04EC0-301F-11D3-BF4B-00C04F79EFBC}") = "Oculus.AudioManager", "Oculus.AudioManager.csproj", "{2b947910-ec21-4cdb-3f83-00a9954cb41a}"
EndProject
Project("{FAE04EC0-301F-11D3-BF4B-00C04F79EFBC}") = "Oculus.VR", "Oculus.VR.csproj", "{959e7f37-ee4d-a172-350a-ea259f1bcd99}"
EndProject
Project("{FAE04EC0-301F-11D3-BF4B-00C04F79EFBC}") = "Oculus.Interaction.Samples", "Oculus.Interaction.Samples.csproj", "{533a975f-a9c5-90eb-3067-27d436be246e}"
EndProject
Project("{FAE04EC0-301F-11D3-BF4B-00C04F79EFBC}") = "VoiceSDK.Runtime", "VoiceSDK.Runtime.csproj", "{a4a2f24a-6e00-ef89-1b70-07946160c202}"
EndProject
Project("{FAE04EC0-301F-11D3-BF4B-00C04F79EFBC}") = "AssistantCoreSDKRuntime", "AssistantCoreSDKRuntime.csproj", "{de30286f-03e5-197e-137a-e60aa895e728}"
EndProject
Project("{FAE04EC0-301F-11D3-BF4B-00C04F79EFBC}") = "Runtime", "Runtime.csproj", "{39fa6ca7-58f8-5939-5a4e-e2a12abc7371}"
EndProject
Project("{FAE04EC0-301F-11D3-BF4B-00C04F79EFBC}") = "Oculus.LipSync", "Oculus.LipSync.csproj", "{10b05b39-b4b1-15a6-97c8-79d136584c40}"
EndProject
Project("{FAE04EC0-301F-11D3-BF4B-00C04F79EFBC}") = "Oculus.Platform.Editor", "Oculus.Platform.Editor.csproj", "{2b9d6988-3c31-9464-fae9-2e3561ef396d}"
EndProject
Project("{FAE04EC0-301F-11D3-BF4B-00C04F79EFBC}") = "Oculus.AudioManager.Audio.Editor", "Oculus.AudioManager.Audio.Editor.csproj", "{b2da60f5-e43a-50a6-5cb2-0a043817e0a8}"
EndProject
Project("{FAE04EC0-301F-11D3-BF4B-00C04F79EFBC}") = "Oculus.Interaction.Editor", "Oculus.Interaction.Editor.csproj", "{76b510c2-b84a-c3aa-1b84-d33d72532116}"
EndProject
Project("{FAE04EC0-301F-11D3-BF4B-00C04F79EFBC}") = "Oculus.VR.Scripts.Editor", "Oculus.VR.Scripts.Editor.csproj", "{59f7bba8-b837-d6d0-12f2-e0aa1be2e02c}"
EndProject
Project("{FAE04EC0-301F-11D3-BF4B-00C04F79EFBC}") = "Facebook.Wit.Editor", "Facebook.Wit.Editor.csproj", "{9ef27fc2-ff3d-aa1f-a32b-953a3d1ba9ae}"
EndProject
Project("{FAE04EC0-301F-11D3-BF4B-00C04F79EFBC}") = "Oculus.Spatializer.Editor", "Oculus.Spatializer.Editor.csproj", "{db52781e-6250-cc25-92e7-66ddefa0ec2a}"
EndProject
Project("{FAE04EC0-301F-11D3-BF4B-00C04F79EFBC}") = "Oculus.VR.Editor", "Oculus.VR.Editor.csproj", "{42f01285-58d5-fdeb-8ffe-471199a1b194}"
EndProject
Project("{FAE04EC0-301F-11D3-BF4B-00C04F79EFBC}") = "Oculus.LipSync.Editor", "Oculus.LipSync.Editor.csproj", "{68d2a357-039b-fa6c-ae3b-14b8c1c25b2e}"
EndProject
Project("{FAE04EC0-301F-11D3-BF4B-00C04F79EFBC}") = "Oculus.Interaction.InterfaceSupport", "Oculus.Interaction.InterfaceSupport.csproj", "{7effcd01-4d3c-70f3-a18a-855f7d5434c5}"
EndProject
Project("{FAE04EC0-301F-11D3-BF4B-00C04F79EFBC}") = "Assembly-CSharp-Editor", "Assembly-CSharp-Editor.csproj", "{22589068-7e33-f667-5b20-78dc7430c2e6}"
EndProject
Project("{FAE04EC0-301F-11D3-BF4B-00C04F79EFBC}") = "VoiceSDK.Editor", "VoiceSDK.Editor.csproj", "{69bf063e-4511-ae0d-f24b-69deacd7061e}"
EndProject
Project("{FAE04EC0-301F-11D3-BF4B-00C04F79EFBC}") = "AssistantCoreSDKEditor", "AssistantCoreSDKEditor.csproj", "{2f784ccd-ceef-4db7-2fde-02988c7ff1fb}"
EndProject
Project("{FAE04EC0-301F-11D3-BF4B-00C04F79EFBC}") = "Oculus.AudioManager.Utils.Editor", "Oculus.AudioManager.Utils.Editor.csproj", "{092869de-4bed-2f6c-2b79-bbf16b8ce05d}"
EndProject
Global
	GlobalSection(SolutionConfigurationPlatforms) = preSolution
		Debug|Any CPU = Debug|Any CPU
	EndGlobalSection
	GlobalSection(ProjectConfigurationPlatforms) = postSolution
		{c75f784c-40af-f208-0cdb-d0063aadc295}.Debug|Any CPU.ActiveCfg = Debug|Any CPU
		{c75f784c-40af-f208-0cdb-d0063aadc295}.Debug|Any CPU.Build.0 = Debug|Any CPU
		{b34e98e2-04f6-99a6-3365-f0cc1ea804ff}.Debug|Any CPU.ActiveCfg = Debug|Any CPU
		{b34e98e2-04f6-99a6-3365-f0cc1ea804ff}.Debug|Any CPU.Build.0 = Debug|Any CPU
		{35703c2a-694e-4738-a624-eaf83df1de21}.Debug|Any CPU.ActiveCfg = Debug|Any CPU
		{35703c2a-694e-4738-a624-eaf83df1de21}.Debug|Any CPU.Build.0 = Debug|Any CPU
		{90057134-cf14-7918-3b5f-057d942f90f5}.Debug|Any CPU.ActiveCfg = Debug|Any CPU
		{90057134-cf14-7918-3b5f-057d942f90f5}.Debug|Any CPU.Build.0 = Debug|Any CPU
		{f1c961c5-82cb-9982-dcbc-b2c3fdaa1af2}.Debug|Any CPU.ActiveCfg = Debug|Any CPU
		{f1c961c5-82cb-9982-dcbc-b2c3fdaa1af2}.Debug|Any CPU.Build.0 = Debug|Any CPU
		{2b947910-ec21-4cdb-3f83-00a9954cb41a}.Debug|Any CPU.ActiveCfg = Debug|Any CPU
		{2b947910-ec21-4cdb-3f83-00a9954cb41a}.Debug|Any CPU.Build.0 = Debug|Any CPU
		{959e7f37-ee4d-a172-350a-ea259f1bcd99}.Debug|Any CPU.ActiveCfg = Debug|Any CPU
		{959e7f37-ee4d-a172-350a-ea259f1bcd99}.Debug|Any CPU.Build.0 = Debug|Any CPU
		{533a975f-a9c5-90eb-3067-27d436be246e}.Debug|Any CPU.ActiveCfg = Debug|Any CPU
		{533a975f-a9c5-90eb-3067-27d436be246e}.Debug|Any CPU.Build.0 = Debug|Any CPU
		{a4a2f24a-6e00-ef89-1b70-07946160c202}.Debug|Any CPU.ActiveCfg = Debug|Any CPU
		{a4a2f24a-6e00-ef89-1b70-07946160c202}.Debug|Any CPU.Build.0 = Debug|Any CPU
		{de30286f-03e5-197e-137a-e60aa895e728}.Debug|Any CPU.ActiveCfg = Debug|Any CPU
		{de30286f-03e5-197e-137a-e60aa895e728}.Debug|Any CPU.Build.0 = Debug|Any CPU
		{39fa6ca7-58f8-5939-5a4e-e2a12abc7371}.Debug|Any CPU.ActiveCfg = Debug|Any CPU
		{39fa6ca7-58f8-5939-5a4e-e2a12abc7371}.Debug|Any CPU.Build.0 = Debug|Any CPU
		{10b05b39-b4b1-15a6-97c8-79d136584c40}.Debug|Any CPU.ActiveCfg = Debug|Any CPU
		{10b05b39-b4b1-15a6-97c8-79d136584c40}.Debug|Any CPU.Build.0 = Debug|Any CPU
		{2b9d6988-3c31-9464-fae9-2e3561ef396d}.Debug|Any CPU.ActiveCfg = Debug|Any CPU
		{2b9d6988-3c31-9464-fae9-2e3561ef396d}.Debug|Any CPU.Build.0 = Debug|Any CPU
		{b2da60f5-e43a-50a6-5cb2-0a043817e0a8}.Debug|Any CPU.ActiveCfg = Debug|Any CPU
		{b2da60f5-e43a-50a6-5cb2-0a043817e0a8}.Debug|Any CPU.Build.0 = Debug|Any CPU
		{76b510c2-b84a-c3aa-1b84-d33d72532116}.Debug|Any CPU.ActiveCfg = Debug|Any CPU
		{76b510c2-b84a-c3aa-1b84-d33d72532116}.Debug|Any CPU.Build.0 = Debug|Any CPU
		{59f7bba8-b837-d6d0-12f2-e0aa1be2e02c}.Debug|Any CPU.ActiveCfg = Debug|Any CPU
		{59f7bba8-b837-d6d0-12f2-e0aa1be2e02c}.Debug|Any CPU.Build.0 = Debug|Any CPU
		{9ef27fc2-ff3d-aa1f-a32b-953a3d1ba9ae}.Debug|Any CPU.ActiveCfg = Debug|Any CPU
		{9ef27fc2-ff3d-aa1f-a32b-953a3d1ba9ae}.Debug|Any CPU.Build.0 = Debug|Any CPU
		{db52781e-6250-cc25-92e7-66ddefa0ec2a}.Debug|Any CPU.ActiveCfg = Debug|Any CPU
		{db52781e-6250-cc25-92e7-66ddefa0ec2a}.Debug|Any CPU.Build.0 = Debug|Any CPU
		{42f01285-58d5-fdeb-8ffe-471199a1b194}.Debug|Any CPU.ActiveCfg = Debug|Any CPU
		{42f01285-58d5-fdeb-8ffe-471199a1b194}.Debug|Any CPU.Build.0 = Debug|Any CPU
		{68d2a357-039b-fa6c-ae3b-14b8c1c25b2e}.Debug|Any CPU.ActiveCfg = Debug|Any CPU
		{68d2a357-039b-fa6c-ae3b-14b8c1c25b2e}.Debug|Any CPU.Build.0 = Debug|Any CPU
		{7effcd01-4d3c-70f3-a18a-855f7d5434c5}.Debug|Any CPU.ActiveCfg = Debug|Any CPU
		{7effcd01-4d3c-70f3-a18a-855f7d5434c5}.Debug|Any CPU.Build.0 = Debug|Any CPU
		{22589068-7e33-f667-5b20-78dc7430c2e6}.Debug|Any CPU.ActiveCfg = Debug|Any CPU
		{22589068-7e33-f667-5b20-78dc7430c2e6}.Debug|Any CPU.Build.0 = Debug|Any CPU
		{69bf063e-4511-ae0d-f24b-69deacd7061e}.Debug|Any CPU.ActiveCfg = Debug|Any CPU
		{69bf063e-4511-ae0d-f24b-69deacd7061e}.Debug|Any CPU.Build.0 = Debug|Any CPU
		{2f784ccd-ceef-4db7-2fde-02988c7ff1fb}.Debug|Any CPU.ActiveCfg = Debug|Any CPU
		{2f784ccd-ceef-4db7-2fde-02988c7ff1fb}.Debug|Any CPU.Build.0 = Debug|Any CPU
		{092869de-4bed-2f6c-2b79-bbf16b8ce05d}.Debug|Any CPU.ActiveCfg = Debug|Any CPU
		{092869de-4bed-2f6c-2b79-bbf16b8ce05d}.Debug|Any CPU.Build.0 = Debug|Any CPU
	EndGlobalSection
	GlobalSection(SolutionProperties) = preSolution
		HideSolutionNode = FALSE
	EndGlobalSection
EndGlobal
